
Microsoft Visual Studio Solution File, Format Version 12.00
# Visual Studio Version 17
VisualStudioVersion = 17.8.34511.84
MinimumVisualStudioVersion = 10.0.40219.1
Project("{9A19103F-16F7-4668-BE54-9A1E7A4F7556}") = "Models", "Domain\Models.csproj", "{D80F6CB1-9F8E-4146-A626-09FB1A8F2CE0}"
EndProject
Project("{9A19103F-16F7-4668-BE54-9A1E7A4F7556}") = "DataAccess", "DataAccess\DataAccess.csproj", "{CA20331B-9A40-4B6B-962D-182C0EC36F89}"
EndProject
Project("{9A19103F-16F7-4668-BE54-9A1E7A4F7556}") = "WebMVC", "WebMVC\WebMVC.csproj", "{D37BC4DA-EAA2-41A3-8983-19CC62AB26A1}"
EndProject
Project("{9A19103F-16F7-4668-BE54-9A1E7A4F7556}") = "Controllers", "Controllers\Controllers.csproj", "{9828438D-7910-4355-93F8-191CC5256FC3}"
EndProject
Project("{9A19103F-16F7-4668-BE54-9A1E7A4F7556}") = "Services", "Services\Services.csproj", "{ECFB7F59-15DE-49AD-A43C-3A5847F7FF26}"
EndProject
Global
	GlobalSection(SolutionConfigurationPlatforms) = preSolution
		Debug|Any CPU = Debug|Any CPU
		Release|Any CPU = Release|Any CPU
	EndGlobalSection
	GlobalSection(ProjectConfigurationPlatforms) = postSolution
		{D80F6CB1-9F8E-4146-A626-09FB1A8F2CE0}.Debug|Any CPU.ActiveCfg = Debug|Any CPU
		{D80F6CB1-9F8E-4146-A626-09FB1A8F2CE0}.Debug|Any CPU.Build.0 = Debug|Any CPU
		{D80F6CB1-9F8E-4146-A626-09FB1A8F2CE0}.Release|Any CPU.ActiveCfg = Release|Any CPU
		{D80F6CB1-9F8E-4146-A626-09FB1A8F2CE0}.Release|Any CPU.Build.0 = Release|Any CPU
		{CA20331B-9A40-4B6B-962D-182C0EC36F89}.Debug|Any CPU.ActiveCfg = Debug|Any CPU
		{CA20331B-9A40-4B6B-962D-182C0EC36F89}.Debug|Any CPU.Build.0 = Debug|Any CPU
		{CA20331B-9A40-4B6B-962D-182C0EC36F89}.Release|Any CPU.ActiveCfg = Release|Any CPU
		{CA20331B-9A40-4B6B-962D-182C0EC36F89}.Release|Any CPU.Build.0 = Release|Any CPU
		{D37BC4DA-EAA2-41A3-8983-19CC62AB26A1}.Debug|Any CPU.ActiveCfg = Debug|Any CPU
		{D37BC4DA-EAA2-41A3-8983-19CC62AB26A1}.Debug|Any CPU.Build.0 = Debug|Any CPU
		{D37BC4DA-EAA2-41A3-8983-19CC62AB26A1}.Release|Any CPU.ActiveCfg = Release|Any CPU
		{D37BC4DA-EAA2-41A3-8983-19CC62AB26A1}.Release|Any CPU.Build.0 = Release|Any CPU
		{9828438D-7910-4355-93F8-191CC5256FC3}.Debug|Any CPU.ActiveCfg = Debug|Any CPU
		{9828438D-7910-4355-93F8-191CC5256FC3}.Debug|Any CPU.Build.0 = Debug|Any CPU
		{9828438D-7910-4355-93F8-191CC5256FC3}.Release|Any CPU.ActiveCfg = Release|Any CPU
		{9828438D-7910-4355-93F8-191CC5256FC3}.Release|Any CPU.Build.0 = Release|Any CPU
		{ECFB7F59-15DE-49AD-A43C-3A5847F7FF26}.Debug|Any CPU.ActiveCfg = Debug|Any CPU
		{ECFB7F59-15DE-49AD-A43C-3A5847F7FF26}.Debug|Any CPU.Build.0 = Debug|Any CPU
		{ECFB7F59-15DE-49AD-A43C-3A5847F7FF26}.Release|Any CPU.ActiveCfg = Release|Any CPU
		{ECFB7F59-15DE-49AD-A43C-3A5847F7FF26}.Release|Any CPU.Build.0 = Release|Any CPU
	EndGlobalSection
	GlobalSection(SolutionProperties) = preSolution
		HideSolutionNode = FALSE
	EndGlobalSection
	GlobalSection(ExtensibilityGlobals) = postSolution
		SolutionGuid = {1E341A4E-7134-4163-B2D0-727CC6C537FE}
	EndGlobalSection
EndGlobal
